// !$*UTF8*$!
{
	archiveVersion = 1;
	classes = {
	};
	objectVersion = 46;
	objects = {

/* Begin PBXBuildFile section */
		37187DD11A1293D800B02AE9 /* UIKit.framework in Frameworks */ = {isa = PBXBuildFile; fileRef = 37187DD01A1293D800B02AE9 /* UIKit.framework */; };
		37187DD91A12A34000B02AE9 /* GRGFeedImageCacheController.m in Sources */ = {isa = PBXBuildFile; fileRef = 37187DD81A12A34000B02AE9 /* GRGFeedImageCacheController.m */; };
		375376851A11741E00D1CDF1 /* GRGFeedImageController.m in Sources */ = {isa = PBXBuildFile; fileRef = 375376841A11741E00D1CDF1 /* GRGFeedImageController.m */; };
		37DDC10F1A0E6E6D00864B21 /* main.m in Sources */ = {isa = PBXBuildFile; fileRef = 37DDC10E1A0E6E6D00864B21 /* main.m */; };
		37DDC1121A0E6E6D00864B21 /* AppDelegate.m in Sources */ = {isa = PBXBuildFile; fileRef = 37DDC1111A0E6E6D00864B21 /* AppDelegate.m */; };
		37DDC1151A0E6E6D00864B21 /* PhotoFeedChallenge.xcdatamodeld in Sources */ = {isa = PBXBuildFile; fileRef = 37DDC1131A0E6E6D00864B21 /* PhotoFeedChallenge.xcdatamodeld */; };
		37DDC1181A0E6E6D00864B21 /* GRGFeedViewController.m in Sources */ = {isa = PBXBuildFile; fileRef = 37DDC1171A0E6E6D00864B21 /* GRGFeedViewController.m */; };
		37DDC11D1A0E6E6D00864B21 /* Images.xcassets in Resources */ = {isa = PBXBuildFile; fileRef = 37DDC11C1A0E6E6D00864B21 /* Images.xcassets */; };
		37DDC1201A0E6E6E00864B21 /* LaunchScreen.xib in Resources */ = {isa = PBXBuildFile; fileRef = 37DDC11E1A0E6E6E00864B21 /* LaunchScreen.xib */; };
		37DDC1391A0E728000864B21 /* FeedItem.m in Sources */ = {isa = PBXBuildFile; fileRef = 37DDC1381A0E728000864B21 /* FeedItem.m */; };
		37DDC13D1A0E73EF00864B21 /* GRGCoreDataController.m in Sources */ = {isa = PBXBuildFile; fileRef = 37DDC13C1A0E73EF00864B21 /* GRGCoreDataController.m */; };
		37DDC1401A0E752E00864B21 /* GRGFeedTableViewCell.m in Sources */ = {isa = PBXBuildFile; fileRef = 37DDC13F1A0E752E00864B21 /* GRGFeedTableViewCell.m */; };
		37DDC1431A0E76E200864B21 /* GRGFeedAPIController.m in Sources */ = {isa = PBXBuildFile; fileRef = 37DDC1421A0E76E200864B21 /* GRGFeedAPIController.m */; };
		37DDC1451A0E7FF900864B21 /* CoreData.framework in Frameworks */ = {isa = PBXBuildFile; fileRef = 37DDC1441A0E7FF900864B21 /* CoreData.framework */; };
/* End PBXBuildFile section */

/* Begin PBXFileReference section */
		37187DD01A1293D800B02AE9 /* UIKit.framework */ = {isa = PBXFileReference; lastKnownFileType = wrapper.framework; name = UIKit.framework; path = System/Library/Frameworks/UIKit.framework; sourceTree = SDKROOT; };
		37187DD21A12941A00B02AE9 /* PhotoFeedChallenge-Prefix.pch */ = {isa = PBXFileReference; fileEncoding = 4; lastKnownFileType = sourcecode.c.h; path = "PhotoFeedChallenge-Prefix.pch"; sourceTree = "<group>"; };
		37187DD71A12A34000B02AE9 /* GRGFeedImageCacheController.h */ = {isa = PBXFileReference; fileEncoding = 4; lastKnownFileType = sourcecode.c.h; path = GRGFeedImageCacheController.h; sourceTree = "<group>"; };
		37187DD81A12A34000B02AE9 /* GRGFeedImageCacheController.m */ = {isa = PBXFileReference; fileEncoding = 4; lastKnownFileType = sourcecode.c.objc; path = GRGFeedImageCacheController.m; sourceTree = "<group>"; };
		375376831A11741E00D1CDF1 /* GRGFeedImageController.h */ = {isa = PBXFileReference; fileEncoding = 4; lastKnownFileType = sourcecode.c.h; path = GRGFeedImageController.h; sourceTree = "<group>"; };
		375376841A11741E00D1CDF1 /* GRGFeedImageController.m */ = {isa = PBXFileReference; fileEncoding = 4; lastKnownFileType = sourcecode.c.objc; path = GRGFeedImageController.m; sourceTree = "<group>"; };
		37DDC1091A0E6E6D00864B21 /* PhotoFeedChallenge.app */ = {isa = PBXFileReference; explicitFileType = wrapper.application; includeInIndex = 0; path = PhotoFeedChallenge.app; sourceTree = BUILT_PRODUCTS_DIR; };
		37DDC10D1A0E6E6D00864B21 /* Info.plist */ = {isa = PBXFileReference; lastKnownFileType = text.plist.xml; path = Info.plist; sourceTree = "<group>"; };
		37DDC10E1A0E6E6D00864B21 /* main.m */ = {isa = PBXFileReference; lastKnownFileType = sourcecode.c.objc; path = main.m; sourceTree = "<group>"; };
		37DDC1101A0E6E6D00864B21 /* AppDelegate.h */ = {isa = PBXFileReference; lastKnownFileType = sourcecode.c.h; path = AppDelegate.h; sourceTree = "<group>"; };
		37DDC1111A0E6E6D00864B21 /* AppDelegate.m */ = {isa = PBXFileReference; lastKnownFileType = sourcecode.c.objc; path = AppDelegate.m; sourceTree = "<group>"; };
		37DDC1141A0E6E6D00864B21 /* PhotoFeedChallenge.xcdatamodel */ = {isa = PBXFileReference; lastKnownFileType = wrapper.xcdatamodel; path = PhotoFeedChallenge.xcdatamodel; sourceTree = "<group>"; };
		37DDC1161A0E6E6D00864B21 /* GRGFeedViewController.h */ = {isa = PBXFileReference; lastKnownFileType = sourcecode.c.h; path = GRGFeedViewController.h; sourceTree = "<group>"; };
		37DDC1171A0E6E6D00864B21 /* GRGFeedViewController.m */ = {isa = PBXFileReference; lastKnownFileType = sourcecode.c.objc; path = GRGFeedViewController.m; sourceTree = "<group>"; };
		37DDC11C1A0E6E6D00864B21 /* Images.xcassets */ = {isa = PBXFileReference; lastKnownFileType = folder.assetcatalog; path = Images.xcassets; sourceTree = "<group>"; };
		37DDC11F1A0E6E6E00864B21 /* Base */ = {isa = PBXFileReference; lastKnownFileType = file.xib; name = Base; path = Base.lproj/LaunchScreen.xib; sourceTree = "<group>"; };
		37DDC12A1A0E6E6E00864B21 /* Info.plist */ = {isa = PBXFileReference; lastKnownFileType = text.plist.xml; path = Info.plist; sourceTree = "<group>"; };
		37DDC12B1A0E6E6E00864B21 /* PhotoFeedChallengeTests.m */ = {isa = PBXFileReference; lastKnownFileType = sourcecode.c.objc; path = PhotoFeedChallengeTests.m; sourceTree = "<group>"; };
		37DDC1371A0E728000864B21 /* FeedItem.h */ = {isa = PBXFileReference; fileEncoding = 4; lastKnownFileType = sourcecode.c.h; path = FeedItem.h; sourceTree = "<group>"; };
		37DDC1381A0E728000864B21 /* FeedItem.m */ = {isa = PBXFileReference; fileEncoding = 4; lastKnownFileType = sourcecode.c.objc; path = FeedItem.m; sourceTree = "<group>"; };
		37DDC13B1A0E73EF00864B21 /* GRGCoreDataController.h */ = {isa = PBXFileReference; fileEncoding = 4; lastKnownFileType = sourcecode.c.h; path = GRGCoreDataController.h; sourceTree = "<group>"; };
		37DDC13C1A0E73EF00864B21 /* GRGCoreDataController.m */ = {isa = PBXFileReference; fileEncoding = 4; lastKnownFileType = sourcecode.c.objc; path = GRGCoreDataController.m; sourceTree = "<group>"; };
		37DDC13E1A0E752E00864B21 /* GRGFeedTableViewCell.h */ = {isa = PBXFileReference; fileEncoding = 4; lastKnownFileType = sourcecode.c.h; path = GRGFeedTableViewCell.h; sourceTree = "<group>"; };
		37DDC13F1A0E752E00864B21 /* GRGFeedTableViewCell.m */ = {isa = PBXFileReference; fileEncoding = 4; lastKnownFileType = sourcecode.c.objc; path = GRGFeedTableViewCell.m; sourceTree = "<group>"; };
		37DDC1411A0E76E200864B21 /* GRGFeedAPIController.h */ = {isa = PBXFileReference; fileEncoding = 4; lastKnownFileType = sourcecode.c.h; path = GRGFeedAPIController.h; sourceTree = "<group>"; };
		37DDC1421A0E76E200864B21 /* GRGFeedAPIController.m */ = {isa = PBXFileReference; fileEncoding = 4; lastKnownFileType = sourcecode.c.objc; path = GRGFeedAPIController.m; sourceTree = "<group>"; };
		37DDC1441A0E7FF900864B21 /* CoreData.framework */ = {isa = PBXFileReference; lastKnownFileType = wrapper.framework; name = CoreData.framework; path = System/Library/Frameworks/CoreData.framework; sourceTree = SDKROOT; };
/* End PBXFileReference section */

/* Begin PBXFrameworksBuildPhase section */
		37DDC1061A0E6E6D00864B21 /* Frameworks */ = {
			isa = PBXFrameworksBuildPhase;
			buildActionMask = 2147483647;
			files = (
				37187DD11A1293D800B02AE9 /* UIKit.framework in Frameworks */,
				37DDC1451A0E7FF900864B21 /* CoreData.framework in Frameworks */,
			);
			runOnlyForDeploymentPostprocessing = 0;
		};
/* End PBXFrameworksBuildPhase section */

/* Begin PBXGroup section */
		37187DD31A12954900B02AE9 /* FeedImageController */ = {
			isa = PBXGroup;
			children = (
				375376831A11741E00D1CDF1 /* GRGFeedImageController.h */,
				375376841A11741E00D1CDF1 /* GRGFeedImageController.m */,
				37187DD71A12A34000B02AE9 /* GRGFeedImageCacheController.h */,
				37187DD81A12A34000B02AE9 /* GRGFeedImageCacheController.m */,
			);
			name = FeedImageController;
			sourceTree = "<group>";
		};
		37DDC1001A0E6E6D00864B21 = {
			isa = PBXGroup;
			children = (
				37DDC1461A0E800700864B21 /* Frameworks */,
				37DDC10B1A0E6E6D00864B21 /* PhotoFeedChallenge */,
				37DDC1281A0E6E6E00864B21 /* PhotoFeedChallengeTests */,
				37DDC10A1A0E6E6D00864B21 /* Products */,
			);
			sourceTree = "<group>";
		};
		37DDC10A1A0E6E6D00864B21 /* Products */ = {
			isa = PBXGroup;
			children = (
				37DDC1091A0E6E6D00864B21 /* PhotoFeedChallenge.app */,
			);
			name = Products;
			sourceTree = "<group>";
		};
		37DDC10B1A0E6E6D00864B21 /* PhotoFeedChallenge */ = {
			isa = PBXGroup;
			children = (
				37DDC13A1A0E72D300864B21 /* Controllers */,
				37DDC1361A0E724C00864B21 /* Core Data */,
				37DDC11C1A0E6E6D00864B21 /* Images.xcassets */,
				37DDC11E1A0E6E6E00864B21 /* LaunchScreen.xib */,
				37DDC10C1A0E6E6D00864B21 /* Supporting Files */,
				37DDC1351A0E723400864B21 /* Views, ViewControllers & App Delegate */,
			);
			path = PhotoFeedChallenge;
			sourceTree = "<group>";
		};
		37DDC10C1A0E6E6D00864B21 /* Supporting Files */ = {
			isa = PBXGroup;
			children = (
				37187DD21A12941A00B02AE9 /* PhotoFeedChallenge-Prefix.pch */,
				37DDC10D1A0E6E6D00864B21 /* Info.plist */,
				37DDC10E1A0E6E6D00864B21 /* main.m */,
			);
			name = "Supporting Files";
			sourceTree = "<group>";
		};
		37DDC1281A0E6E6E00864B21 /* PhotoFeedChallengeTests */ = {
			isa = PBXGroup;
			children = (
				37DDC12B1A0E6E6E00864B21 /* PhotoFeedChallengeTests.m */,
				37DDC1291A0E6E6E00864B21 /* Supporting Files */,
			);
			path = PhotoFeedChallengeTests;
			sourceTree = "<group>";
		};
		37DDC1291A0E6E6E00864B21 /* Supporting Files */ = {
			isa = PBXGroup;
			children = (
				37DDC12A1A0E6E6E00864B21 /* Info.plist */,
			);
			name = "Supporting Files";
			sourceTree = "<group>";
		};
		37DDC1351A0E723400864B21 /* Views, ViewControllers & App Delegate */ = {
			isa = PBXGroup;
			children = (
				37DDC1101A0E6E6D00864B21 /* AppDelegate.h */,
				37DDC1111A0E6E6D00864B21 /* AppDelegate.m */,
				37DDC13E1A0E752E00864B21 /* GRGFeedTableViewCell.h */,
				37DDC13F1A0E752E00864B21 /* GRGFeedTableViewCell.m */,
				37DDC1161A0E6E6D00864B21 /* GRGFeedViewController.h */,
				37DDC1171A0E6E6D00864B21 /* GRGFeedViewController.m */,
			);
			name = "Views, ViewControllers & App Delegate";
			sourceTree = "<group>";
		};
		37DDC1361A0E724C00864B21 /* Core Data */ = {
			isa = PBXGroup;
			children = (
				37DDC1131A0E6E6D00864B21 /* PhotoFeedChallenge.xcdatamodeld */,
				37DDC1371A0E728000864B21 /* FeedItem.h */,
				37DDC1381A0E728000864B21 /* FeedItem.m */,
			);
			name = "Core Data";
			sourceTree = "<group>";
		};
		37DDC13A1A0E72D300864B21 /* Controllers */ = {
			isa = PBXGroup;
			children = (
				37187DD31A12954900B02AE9 /* FeedImageController */,
				37DDC13B1A0E73EF00864B21 /* GRGCoreDataController.h */,
				37DDC13C1A0E73EF00864B21 /* GRGCoreDataController.m */,
				37DDC1411A0E76E200864B21 /* GRGFeedAPIController.h */,
				37DDC1421A0E76E200864B21 /* GRGFeedAPIController.m */,
			);
			name = Controllers;
			sourceTree = "<group>";
		};
		37DDC1461A0E800700864B21 /* Frameworks */ = {
			isa = PBXGroup;
			children = (
				37187DD01A1293D800B02AE9 /* UIKit.framework */,
				37DDC1441A0E7FF900864B21 /* CoreData.framework */,
			);
			name = Frameworks;
			sourceTree = "<group>";
		};
/* End PBXGroup section */

/* Begin PBXNativeTarget section */
		37DDC1081A0E6E6D00864B21 /* PhotoFeedChallenge */ = {
			isa = PBXNativeTarget;
			buildConfigurationList = 37DDC12F1A0E6E6E00864B21 /* Build configuration list for PBXNativeTarget "PhotoFeedChallenge" */;
			buildPhases = (
				37DDC1051A0E6E6D00864B21 /* Sources */,
				37DDC1061A0E6E6D00864B21 /* Frameworks */,
				37DDC1071A0E6E6D00864B21 /* Resources */,
			);
			buildRules = (
			);
			dependencies = (
			);
			name = PhotoFeedChallenge;
			productName = PhotoFeedChallenge;
			productReference = 37DDC1091A0E6E6D00864B21 /* PhotoFeedChallenge.app */;
			productType = "com.apple.product-type.application";
		};
/* End PBXNativeTarget section */

/* Begin PBXProject section */
		37DDC1011A0E6E6D00864B21 /* Project object */ = {
			isa = PBXProject;
			attributes = {
				LastUpgradeCheck = 0610;
				ORGANIZATIONNAME = "Greg Gunner";
				TargetAttributes = {
					37DDC1081A0E6E6D00864B21 = {
						CreatedOnToolsVersion = 6.1;
					};
				};
			};
			buildConfigurationList = 37DDC1041A0E6E6D00864B21 /* Build configuration list for PBXProject "PhotoFeedChallenge" */;
			compatibilityVersion = "Xcode 3.2";
			developmentRegion = English;
			hasScannedForEncodings = 0;
			knownRegions = (
				en,
				Base,
			);
			mainGroup = 37DDC1001A0E6E6D00864B21;
			productRefGroup = 37DDC10A1A0E6E6D00864B21 /* Products */;
			projectDirPath = "";
			projectRoot = "";
			targets = (
				37DDC1081A0E6E6D00864B21 /* PhotoFeedChallenge */,
			);
		};
/* End PBXProject section */

/* Begin PBXResourcesBuildPhase section */
		37DDC1071A0E6E6D00864B21 /* Resources */ = {
			isa = PBXResourcesBuildPhase;
			buildActionMask = 2147483647;
			files = (
				37DDC1201A0E6E6E00864B21 /* LaunchScreen.xib in Resources */,
				37DDC11D1A0E6E6D00864B21 /* Images.xcassets in Resources */,
			);
			runOnlyForDeploymentPostprocessing = 0;
		};
/* End PBXResourcesBuildPhase section */

/* Begin PBXSourcesBuildPhase section */
		37DDC1051A0E6E6D00864B21 /* Sources */ = {
			isa = PBXSourcesBuildPhase;
			buildActionMask = 2147483647;
			files = (
				37DDC1121A0E6E6D00864B21 /* AppDelegate.m in Sources */,
				37DDC13D1A0E73EF00864B21 /* GRGCoreDataController.m in Sources */,
				37DDC1391A0E728000864B21 /* FeedItem.m in Sources */,
				37DDC1431A0E76E200864B21 /* GRGFeedAPIController.m in Sources */,
				37187DD91A12A34000B02AE9 /* GRGFeedImageCacheController.m in Sources */,
				375376851A11741E00D1CDF1 /* GRGFeedImageController.m in Sources */,
				37DDC1151A0E6E6D00864B21 /* PhotoFeedChallenge.xcdatamodeld in Sources */,
				37DDC1401A0E752E00864B21 /* GRGFeedTableViewCell.m in Sources */,
				37DDC1181A0E6E6D00864B21 /* GRGFeedViewController.m in Sources */,
				37DDC10F1A0E6E6D00864B21 /* main.m in Sources */,
			);
			runOnlyForDeploymentPostprocessing = 0;
		};
/* End PBXSourcesBuildPhase section */

/* Begin PBXVariantGroup section */
		37DDC11E1A0E6E6E00864B21 /* LaunchScreen.xib */ = {
			isa = PBXVariantGroup;
			children = (
				37DDC11F1A0E6E6E00864B21 /* Base */,
			);
			name = LaunchScreen.xib;
			sourceTree = "<group>";
		};
/* End PBXVariantGroup section */

/* Begin XCBuildConfiguration section */
		37DDC12D1A0E6E6E00864B21 /* Debug */ = {
			isa = XCBuildConfiguration;
			buildSettings = {
				ALWAYS_SEARCH_USER_PATHS = NO;
				CLANG_CXX_LANGUAGE_STANDARD = "gnu++0x";
				CLANG_CXX_LIBRARY = "libc++";
				CLANG_ENABLE_MODULES = YES;
				CLANG_ENABLE_OBJC_ARC = YES;
				CLANG_WARN_BOOL_CONVERSION = YES;
				CLANG_WARN_CONSTANT_CONVERSION = YES;
				CLANG_WARN_DIRECT_OBJC_ISA_USAGE = YES_ERROR;
				CLANG_WARN_EMPTY_BODY = YES;
				CLANG_WARN_ENUM_CONVERSION = YES;
				CLANG_WARN_INT_CONVERSION = YES;
				CLANG_WARN_OBJC_ROOT_CLASS = YES_ERROR;
				CLANG_WARN_UNREACHABLE_CODE = YES;
				CLANG_WARN__DUPLICATE_METHOD_MATCH = YES;
				"CODE_SIGN_IDENTITY[sdk=iphoneos*]" = "iPhone Developer";
				COPY_PHASE_STRIP = NO;
				ENABLE_STRICT_OBJC_MSGSEND = YES;
				GCC_C_LANGUAGE_STANDARD = gnu99;
				GCC_DYNAMIC_NO_PIC = NO;
				GCC_OPTIMIZATION_LEVEL = 0;
				GCC_PREPROCESSOR_DEFINITIONS = (
					"DEBUG=1",
					"$(inherited)",
				);
				GCC_SYMBOLS_PRIVATE_EXTERN = NO;
				GCC_WARN_64_TO_32_BIT_CONVERSION = YES;
				GCC_WARN_ABOUT_RETURN_TYPE = YES_ERROR;
				GCC_WARN_UNDECLARED_SELECTOR = YES;
				GCC_WARN_UNINITIALIZED_AUTOS = YES_AGGRESSIVE;
				GCC_WARN_UNUSED_FUNCTION = YES;
				GCC_WARN_UNUSED_VARIABLE = YES;
				IPHONEOS_DEPLOYMENT_TARGET = 8.1;
				MTL_ENABLE_DEBUG_INFO = YES;
				ONLY_ACTIVE_ARCH = YES;
				SDKROOT = iphoneos;
			};
			name = Debug;
		};
		37DDC12E1A0E6E6E00864B21 /* Release */ = {
			isa = XCBuildConfiguration;
			buildSettings = {
				ALWAYS_SEARCH_USER_PATHS = NO;
				CLANG_CXX_LANGUAGE_STANDARD = "gnu++0x";
				CLANG_CXX_LIBRARY = "libc++";
				CLANG_ENABLE_MODULES = YES;
				CLANG_ENABLE_OBJC_ARC = YES;
				CLANG_WARN_BOOL_CONVERSION = YES;
				CLANG_WARN_CONSTANT_CONVERSION = YES;
				CLANG_WARN_DIRECT_OBJC_ISA_USAGE = YES_ERROR;
				CLANG_WARN_EMPTY_BODY = YES;
				CLANG_WARN_ENUM_CONVERSION = YES;
				CLANG_WARN_INT_CONVERSION = YES;
				CLANG_WARN_OBJC_ROOT_CLASS = YES_ERROR;
				CLANG_WARN_UNREACHABLE_CODE = YES;
				CLANG_WARN__DUPLICATE_METHOD_MATCH = YES;
				"CODE_SIGN_IDENTITY[sdk=iphoneos*]" = "iPhone Developer";
				COPY_PHASE_STRIP = YES;
				ENABLE_NS_ASSERTIONS = NO;
				ENABLE_STRICT_OBJC_MSGSEND = YES;
				GCC_C_LANGUAGE_STANDARD = gnu99;
				GCC_WARN_64_TO_32_BIT_CONVERSION = YES;
				GCC_WARN_ABOUT_RETURN_TYPE = YES_ERROR;
				GCC_WARN_UNDECLARED_SELECTOR = YES;
				GCC_WARN_UNINITIALIZED_AUTOS = YES_AGGRESSIVE;
				GCC_WARN_UNUSED_FUNCTION = YES;
				GCC_WARN_UNUSED_VARIABLE = YES;
				IPHONEOS_DEPLOYMENT_TARGET = 8.1;
				MTL_ENABLE_DEBUG_INFO = NO;
				SDKROOT = iphoneos;
				VALIDATE_PRODUCT = YES;
			};
			name = Release;
		};
		37DDC1301A0E6E6E00864B21 /* Debug */ = {
			isa = XCBuildConfiguration;
			buildSettings = {
				ASSETCATALOG_COMPILER_APPICON_NAME = AppIcon;
				GCC_PRECOMPILE_PREFIX_HEADER = YES;
				GCC_PREFIX_HEADER = "PhotoFeedChallenge/PhotoFeedChallenge-Prefix.pch";
				INFOPLIST_FILE = PhotoFeedChallenge/Info.plist;
				IPHONEOS_DEPLOYMENT_TARGET = 7.0;
				LD_RUNPATH_SEARCH_PATHS = "$(inherited) @executable_path/Frameworks";
				PRODUCT_NAME = "$(TARGET_NAME)";
			};
			name = Debug;
		};
		37DDC1311A0E6E6E00864B21 /* Release */ = {
			isa = XCBuildConfiguration;
			buildSettings = {
				ASSETCATALOG_COMPILER_APPICON_NAME = AppIcon;
				GCC_PRECOMPILE_PREFIX_HEADER = YES;
				GCC_PREFIX_HEADER = "PhotoFeedChallenge/PhotoFeedChallenge-Prefix.pch";
				INFOPLIST_FILE = PhotoFeedChallenge/Info.plist;
				IPHONEOS_DEPLOYMENT_TARGET = 7.0;
				LD_RUNPATH_SEARCH_PATHS = "$(inherited) @executable_path/Frameworks";
				PRODUCT_NAME = "$(TARGET_NAME)";
			};
			name = Release;
		};
/* End XCBuildConfiguration section */

/* Begin XCConfigurationList section */
		37DDC1041A0E6E6D00864B21 /* Build configuration list for PBXProject "PhotoFeedChallenge" */ = {
			isa = XCConfigurationList;
			buildConfigurations = (
				37DDC12D1A0E6E6E00864B21 /* Debug */,
				37DDC12E1A0E6E6E00864B21 /* Release */,
			);
			defaultConfigurationIsVisible = 0;
			defaultConfigurationName = Release;
		};
		37DDC12F1A0E6E6E00864B21 /* Build configuration list for PBXNativeTarget "PhotoFeedChallenge" */ = {
			isa = XCConfigurationList;
			buildConfigurations = (
				37DDC1301A0E6E6E00864B21 /* Debug */,
				37DDC1311A0E6E6E00864B21 /* Release */,
			);
			defaultConfigurationIsVisible = 0;
			defaultConfigurationName = Release;
		};
/* End XCConfigurationList section */

/* Begin XCVersionGroup section */
		37DDC1131A0E6E6D00864B21 /* PhotoFeedChallenge.xcdatamodeld */ = {
			isa = XCVersionGroup;
			children = (
				37DDC1141A0E6E6D00864B21 /* PhotoFeedChallenge.xcdatamodel */,
			);
			currentVersion = 37DDC1141A0E6E6D00864B21 /* PhotoFeedChallenge.xcdatamodel */;
			path = PhotoFeedChallenge.xcdatamodeld;
			sourceTree = "<group>";
			versionGroupType = wrapper.xcdatamodel;
		};
/* End XCVersionGroup section */
	};
	rootObject = 37DDC1011A0E6E6D00864B21 /* Project object */;
}
